hash: fd3dfa00ea6d46ea463d08dee70136a1a99719c4ffd799d452e729a3e16795c0
updated: 2017-03-23T19:52:07.928874866+01:00
imports:
- name: github.com/golang/protobuf
  version: c9c7427a2a70d2eb3bafa0ab2dc163e45f143317
  subpackages:
  - proto
- name: github.com/google/go-github
  version: 67f700645e97e82b8cf282ece3508805438be24f
  subpackages:
  - github
- name: github.com/google/go-querystring
  version: 53e6ce116135b80d037921a7fdd5138cf32d7a8a
  subpackages:
  - query
- name: github.com/julienschmidt/httprouter
  version: 8a45e95fc75cb77048068a62daed98cc22fdac7c
- name: github.com/Masterminds/semver
  version: 312afcd0e81e5cf81fdc3cfd0e8504ae031521c8
- name: golang.org/x/net
  version: a6577fac2d73be281a500b310739095313165611
  subpackages:
  - context
- name: golang.org/x/oauth2
  version: 30fcca6531eb4bb278493c9fb299295b3b145934
  subpackages:
  - internal
- name: google.golang.org/appengine
  version: b79c28f0197795b4050bfcd7c4c2209136c594b1
  subpackages:
  - internal
  - internal/app_identity
  - internal/base
  - internal/datastore
  - internal/log
  - internal/modules
  - internal/remote_api
  - internal/urlfetch
  - urlfetch
testImports: []
